# This file is automatically @generated by Cargo.
# It is not intended for manual editing.
version = 3

[[package]]
name = "Brug"
version = "0.1.0"
dependencies = [
 "jemallocator",
 "lazy_static",
 "libc",
 "mimalloc",
 "tcmalloc",
]

[[package]]
name = "cc"
version = "1.0.79"
source = "registry+https://github.com/rust-lang/crates.io-index"
checksum = "50d30906286121d95be3d479533b458f87493b30a4b5f79a607db8f5d11aa91f"

[[package]]
name = "jemalloc-sys"
version = "0.5.3+5.3.0-patched"
source = "registry+https://github.com/rust-lang/crates.io-index"
checksum = "f9bd5d616ea7ed58b571b2e209a65759664d7fb021a0819d7a790afc67e47ca1"
dependencies = [
 "cc",
 "libc",
]

[[package]]
name = "jemallocator"
version = "0.5.0"
source = "registry+https://github.com/rust-lang/crates.io-index"
checksum = "16c2514137880c52b0b4822b563fadd38257c1f380858addb74a400889696ea6"
dependencies = [
 "jemalloc-sys",
 "libc",
]

[[package]]
name = "lazy_static"
version = "1.4.0"
source = "registry+https://github.com/rust-lang/crates.io-index"
checksum = "e2abad23fbc42b3700f2f279844dc832adb2b2eb069b2df918f455c4e18cc646"

[[package]]
name = "libc"
version = "0.2.139"
source = "registry+https://github.com/rust-lang/crates.io-index"
checksum = "201de327520df007757c1f0adce6e827fe8562fbc28bfd9c15571c66ca1f5f79"

[[package]]
name = "libmimalloc-sys"
version = "0.1.30"
source = "registry+https://github.com/rust-lang/crates.io-index"
checksum = "dd8c7cbf8b89019683667e347572e6d55a7df7ea36b0c4ce69961b0cde67b174"
dependencies = [
 "cc",
 "libc",
]

[[package]]
name = "mimalloc"
version = "0.1.34"
source = "registry+https://github.com/rust-lang/crates.io-index"
checksum = "9dcb174b18635f7561a0c6c9fc2ce57218ac7523cf72c50af80e2d79ab8f3ba1"
dependencies = [
 "libmimalloc-sys",
]

[[package]]
name = "tcmalloc"
version = "0.3.0"
source = "registry+https://github.com/rust-lang/crates.io-index"
checksum = "375205113d84a1c5eeed67beaa0ce08e41be1a9d5acc3425ad2381fddd9d819b"
